// !$*UTF8*$!
{
	archiveVersion = 1;
	classes = {
	};
	objectVersion = 46;
	objects = {

/* Begin PBXBuildFile section */
		5C22B0EE1C077E2B006C34E9 /* AppDelegate.swift in Sources */ = {isa = PBXBuildFile; fileRef = 5C22B0ED1C077E2B006C34E9 /* AppDelegate.swift */; };
		5C22B0F01C077E2B006C34E9 /* ViewController.swift in Sources */ = {isa = PBXBuildFile; fileRef = 5C22B0EF1C077E2B006C34E9 /* ViewController.swift */; };
		5C22B0F31C077E2B006C34E9 /* Main.storyboard in Resources */ = {isa = PBXBuildFile; fileRef = 5C22B0F11C077E2B006C34E9 /* Main.storyboard */; };
		5C22B0F51C077E2B006C34E9 /* Assets.xcassets in Resources */ = {isa = PBXBuildFile; fileRef = 5C22B0F41C077E2B006C34E9 /* Assets.xcassets */; };
		5C22B0F81C077E2B006C34E9 /* LaunchScreen.storyboard in Resources */ = {isa = PBXBuildFile; fileRef = 5C22B0F61C077E2B006C34E9 /* LaunchScreen.storyboard */; };
		5C22B1001C078049006C34E9 /* RGBAImage.swift in Sources */ = {isa = PBXBuildFile; fileRef = 5C22B0FF1C078049006C34E9 /* RGBAImage.swift */; };
		5C285E941C1C283200FEC0D3 /* TableViewController.swift in Sources */ = {isa = PBXBuildFile; fileRef = 5C285E931C1C283200FEC0D3 /* TableViewController.swift */; };
		5C3FDD681C22029500FD45A2 /* ImageProcess.swift in Sources */ = {isa = PBXBuildFile; fileRef = 5C3FDD671C22029500FD45A2 /* ImageProcess.swift */; };
/* End PBXBuildFile section */

/* Begin PBXFileReference section */
		5C22B0EA1C077E2B006C34E9 /* imageFilter.app */ = {isa = PBXFileReference; explicitFileType = wrapper.application; includeInIndex = 0; path = imageFilter.app; sourceTree = BUILT_PRODUCTS_DIR; };
		5C22B0ED1C077E2B006C34E9 /* AppDelegate.swift */ = {isa = PBXFileReference; lastKnownFileType = sourcecode.swift; path = AppDelegate.swift; sourceTree = "<group>"; };
		5C22B0EF1C077E2B006C34E9 /* ViewController.swift */ = {isa = PBXFileReference; lastKnownFileType = sourcecode.swift; path = ViewController.swift; sourceTree = "<group>"; };
		5C22B0F21C077E2B006C34E9 /* Base */ = {isa = PBXFileReference; lastKnownFileType = file.storyboard; name = Base; path = Base.lproj/Main.storyboard; sourceTree = "<group>"; };
		5C22B0F41C077E2B006C34E9 /* Assets.xcassets */ = {isa = PBXFileReference; lastKnownFileType = folder.assetcatalog; path = Assets.xcassets; sourceTree = "<group>"; };
		5C22B0F71C077E2B006C34E9 /* Base */ = {isa = PBXFileReference; lastKnownFileType = file.storyboard; name = Base; path = Base.lproj/LaunchScreen.storyboard; sourceTree = "<group>"; };
		5C22B0F91C077E2B006C34E9 /* Info.plist */ = {isa = PBXFileReference; lastKnownFileType = text.plist.xml; path = Info.plist; sourceTree = "<group>"; };
		5C22B0FF1C078049006C34E9 /* RGBAImage.swift */ = {isa = PBXFileReference; fileEncoding = 4; lastKnownFileType = sourcecode.swift; path = RGBAImage.swift; sourceTree = "<group>"; };
		5C285E931C1C283200FEC0D3 /* TableViewController.swift */ = {isa = PBXFileReference; fileEncoding = 4; lastKnownFileType = sourcecode.swift; path = TableViewController.swift; sourceTree = "<group>"; };
		5C3FDD671C22029500FD45A2 /* ImageProcess.swift */ = {isa = PBXFileReference; fileEncoding = 4; lastKnownFileType = sourcecode.swift; path = ImageProcess.swift; sourceTree = "<group>"; };
/* End PBXFileReference section */

/* Begin PBXFrameworksBuildPhase section */
		5C22B0E71C077E2B006C34E9 /* Frameworks */ = {
			isa = PBXFrameworksBuildPhase;
			buildActionMask = 2147483647;
			files = (
			);
			runOnlyForDeploymentPostprocessing = 0;
		};
/* End PBXFrameworksBuildPhase section */

/* Begin PBXGroup section */
		5C22B0E11C077E2B006C34E9 = {
			isa = PBXGroup;
			children = (
				5C22B0EC1C077E2B006C34E9 /* imageFilter */,
				5C22B0EB1C077E2B006C34E9 /* Products */,
			);
			sourceTree = "<group>";
		};
		5C22B0EB1C077E2B006C34E9 /* Products */ = {
			isa = PBXGroup;
			children = (
				5C22B0EA1C077E2B006C34E9 /* imageFilter.app */,
			);
			name = Products;
			sourceTree = "<group>";
		};
		5C22B0EC1C077E2B006C34E9 /* imageFilter */ = {
			isa = PBXGroup;
			children = (
				5C22B0ED1C077E2B006C34E9 /* AppDelegate.swift */,
				5C22B0EF1C077E2B006C34E9 /* ViewController.swift */,
				5C22B0FF1C078049006C34E9 /* RGBAImage.swift */,
				5C22B0F11C077E2B006C34E9 /* Main.storyboard */,
				5C22B0F41C077E2B006C34E9 /* Assets.xcassets */,
				5C22B0F61C077E2B006C34E9 /* LaunchScreen.storyboard */,
				5C22B0F91C077E2B006C34E9 /* Info.plist */,
				5C285E931C1C283200FEC0D3 /* TableViewController.swift */,
				5C3FDD671C22029500FD45A2 /* ImageProcess.swift */,
			);
			path = imageFilter;
			sourceTree = "<group>";
		};
/* End PBXGroup section */

/* Begin PBXNativeTarget section */
		5C22B0E91C077E2B006C34E9 /* imageFilter */ = {
			isa = PBXNativeTarget;
			buildConfigurationList = 5C22B0FC1C077E2B006C34E9 /* Build configuration list for PBXNativeTarget "imageFilter" */;
			buildPhases = (
				5C22B0E61C077E2B006C34E9 /* Sources */,
				5C22B0E71C077E2B006C34E9 /* Frameworks */,
				5C22B0E81C077E2B006C34E9 /* Resources */,
			);
			buildRules = (
			);
			dependencies = (
			);
			name = imageFilter;
			productName = imageFilter;
			productReference = 5C22B0EA1C077E2B006C34E9 /* imageFilter.app */;
			productType = "com.apple.product-type.application";
		};
/* End PBXNativeTarget section */

/* Begin PBXProject section */
		5C22B0E21C077E2B006C34E9 /* Project object */ = {
			isa = PBXProject;
			attributes = {
				LastSwiftUpdateCheck = 0710;
				LastUpgradeCheck = 0710;
				ORGANIZATIONNAME = houyadda;
				TargetAttributes = {
					5C22B0E91C077E2B006C34E9 = {
						CreatedOnToolsVersion = 7.1;
						DevelopmentTeam = 9F7KE89H49;
					};
				};
			};
			buildConfigurationList = 5C22B0E51C077E2B006C34E9 /* Build configuration list for PBXProject "imageFilter" */;
			compatibilityVersion = "Xcode 3.2";
			developmentRegion = English;
			hasScannedForEncodings = 0;
			knownRegions = (
				en,
				Base,
			);
			mainGroup = 5C22B0E11C077E2B006C34E9;
			productRefGroup = 5C22B0EB1C077E2B006C34E9 /* Products */;
			projectDirPath = "";
			projectRoot = "";
			targets = (
				5C22B0E91C077E2B006C34E9 /* imageFilter */,
			);
		};
/* End PBXProject section */

/* Begin PBXResourcesBuildPhase section */
		5C22B0E81C077E2B006C34E9 /* Resources */ = {
			isa = PBXResourcesBuildPhase;
			buildActionMask = 2147483647;
			files = (
				5C22B0F81C077E2B006C34E9 /* LaunchScreen.storyboard in Resources */,
				5C22B0F51C077E2B006C34E9 /* Assets.xcassets in Resources */,
				5C22B0F31C077E2B006C34E9 /* Main.storyboard in Resources */,
			);
			runOnlyForDeploymentPostprocessing = 0;
		};
/* End PBXResourcesBuildPhase section */

/* Begin PBXSourcesBuildPhase section */
		5C22B0E61C077E2B006C34E9 /* Sources */ = {
			isa = PBXSourcesBuildPhase;
			buildActionMask = 2147483647;
			files = (
				5C22B0F01C077E2B006C34E9 /* ViewController.swift in Sources */,
				5C22B1001C078049006C34E9 /* RGBAImage.swift in Sources */,
				5C22B0EE1C077E2B006C34E9 /* AppDelegate.swift in Sources */,
				5C3FDD681C22029500FD45A2 /* ImageProcess.swift in Sources */,
				5C285E941C1C283200FEC0D3 /* TableViewController.swift in Sources */,
			);
			runOnlyForDeploymentPostprocessing = 0;
		};
/* End PBXSourcesBuildPhase section */

/* Begin PBXVariantGroup section */
		5C22B0F11C077E2B006C34E9 /* Main.storyboard */ = {
			isa = PBXVariantGroup;
			children = (
				5C22B0F21C077E2B006C34E9 /* Base */,
			);
			name = Main.storyboard;
			sourceTree = "<group>";
		};
		5C22B0F61C077E2B006C34E9 /* LaunchScreen.storyboard */ = {
			isa = PBXVariantGroup;
			children = (
				5C22B0F71C077E2B006C34E9 /* Base */,
			);
			name = LaunchScreen.storyboard;
			sourceTree = "<group>";
		};
/* End PBXVariantGroup section */

/* Begin XCBuildConfiguration section */
		5C22B0FA1C077E2B006C34E9 /* Debug */ = {
			isa = XCBuildConfiguration;
			buildSettings = {
				ALWAYS_SEARCH_USER_PATHS = NO;
				CLANG_CXX_LANGUAGE_STANDARD = "gnu++0x";
				CLANG_CXX_LIBRARY = "libc++";
				CLANG_ENABLE_MODULES = YES;
				CLANG_ENABLE_OBJC_ARC = YES;
				CLANG_WARN_BOOL_CONVERSION = YES;
				CLANG_WARN_CONSTANT_CONVERSION = YES;
				CLANG_WARN_DIRECT_OBJC_ISA_USAGE = YES_ERROR;
				CLANG_WARN_EMPTY_BODY = YES;
				CLANG_WARN_ENUM_CONVERSION = YES;
				CLANG_WARN_INT_CONVERSION = YES;
				CLANG_WARN_OBJC_ROOT_CLASS = YES_ERROR;
				CLANG_WARN_UNREACHABLE_CODE = YES;
				CLANG_WARN__DUPLICATE_METHOD_MATCH = YES;
				"CODE_SIGN_IDENTITY[sdk=iphoneos*]" = "iPhone Developer";
				COPY_PHASE_STRIP = NO;
				DEBUG_INFORMATION_FORMAT = dwarf;
				ENABLE_STRICT_OBJC_MSGSEND = YES;
				ENABLE_TESTABILITY = YES;
				GCC_C_LANGUAGE_STANDARD = gnu99;
				GCC_DYNAMIC_NO_PIC = NO;
				GCC_NO_COMMON_BLOCKS = YES;
				GCC_OPTIMIZATION_LEVEL = 0;
				GCC_PREPROCESSOR_DEFINITIONS = (
					"DEBUG=1",
					"$(inherited)",
				);
				GCC_WARN_64_TO_32_BIT_CONVERSION = YES;
				GCC_WARN_ABOUT_RETURN_TYPE = YES_ERROR;
				GCC_WARN_UNDECLARED_SELECTOR = YES;
				GCC_WARN_UNINITIALIZED_AUTOS = YES_AGGRESSIVE;
				GCC_WARN_UNUSED_FUNCTION = YES;
				GCC_WARN_UNUSED_VARIABLE = YES;
				IPHONEOS_DEPLOYMENT_TARGET = 9.1;
				MTL_ENABLE_DEBUG_INFO = YES;
				ONLY_ACTIVE_ARCH = YES;
				SDKROOT = iphoneos;
				SWIFT_OPTIMIZATION_LEVEL = "-Onone";
				TARGETED_DEVICE_FAMILY = "1,2";
			};
			name = Debug;
		};
		5C22B0FB1C077E2B006C34E9 /* Release */ = {
			isa = XCBuildConfiguration;
			buildSettings = {
				ALWAYS_SEARCH_USER_PATHS = NO;
				CLANG_CXX_LANGUAGE_STANDARD = "gnu++0x";
				CLANG_CXX_LIBRARY = "libc++";
				CLANG_ENABLE_MODULES = YES;
				CLANG_ENABLE_OBJC_ARC = YES;
				CLANG_WARN_BOOL_CONVERSION = YES;
				CLANG_WARN_CONSTANT_CONVERSION = YES;
				CLANG_WARN_DIRECT_OBJC_ISA_USAGE = YES_ERROR;
				CLANG_WARN_EMPTY_BODY = YES;
				CLANG_WARN_ENUM_CONVERSION = YES;
				CLANG_WARN_INT_CONVERSION = YES;
				CLANG_WARN_OBJC_ROOT_CLASS = YES_ERROR;
				CLANG_WARN_UNREACHABLE_CODE = YES;
				CLANG_WARN__DUPLICATE_METHOD_MATCH = YES;
				"CODE_SIGN_IDENTITY[sdk=iphoneos*]" = "iPhone Developer";
				COPY_PHASE_STRIP = NO;
				DEBUG_INFORMATION_FORMAT = "dwarf-with-dsym";
				ENABLE_NS_ASSERTIONS = NO;
				ENABLE_STRICT_OBJC_MSGSEND = YES;
				GCC_C_LANGUAGE_STANDARD = gnu99;
				GCC_NO_COMMON_BLOCKS = YES;
				GCC_WARN_64_TO_32_BIT_CONVERSION = YES;
				GCC_WARN_ABOUT_RETURN_TYPE = YES_ERROR;
				GCC_WARN_UNDECLARED_SELECTOR = YES;
				GCC_WARN_UNINITIALIZED_AUTOS = YES_AGGRESSIVE;
				GCC_WARN_UNUSED_FUNCTION = YES;
				GCC_WARN_UNUSED_VARIABLE = YES;
				IPHONEOS_DEPLOYMENT_TARGET = 9.1;
				MTL_ENABLE_DEBUG_INFO = NO;
				SDKROOT = iphoneos;
				TARGETED_DEVICE_FAMILY = "1,2";
				VALIDATE_PRODUCT = YES;
			};
			name = Release;
		};
		5C22B0FD1C077E2B006C34E9 /* Debug */ = {
			isa = XCBuildConfiguration;
			buildSettings = {
				ASSETCATALOG_COMPILER_APPICON_NAME = AppIcon;
				CODE_SIGN_IDENTITY = "iPhone Developer";
				"CODE_SIGN_IDENTITY[sdk=iphoneos*]" = "iPhone Developer";
				INFOPLIST_FILE = imageFilter/Info.plist;
				LD_RUNPATH_SEARCH_PATHS = "$(inherited) @executable_path/Frameworks";
				PRODUCT_BUNDLE_IDENTIFIER = net.houzone.imageFilter;
				PRODUCT_NAME = "$(TARGET_NAME)";
				PROVISIONING_PROFILE = "";
			};
			name = Debug;
		};
		5C22B0FE1C077E2B006C34E9 /* Release */ = {
			isa = XCBuildConfiguration;
			buildSettings = {
				ASSETCATALOG_COMPILER_APPICON_NAME = AppIcon;
				CODE_SIGN_IDENTITY = "iPhone Developer";
				"CODE_SIGN_IDENTITY[sdk=iphoneos*]" = "iPhone Developer";
				INFOPLIST_FILE = imageFilter/Info.plist;
				LD_RUNPATH_SEARCH_PATHS = "$(inherited) @executable_path/Frameworks";
				PRODUCT_BUNDLE_IDENTIFIER = net.houzone.imageFilter;
				PRODUCT_NAME = "$(TARGET_NAME)";
				PROVISIONING_PROFILE = "";
			};
			name = Release;
		};
/* End XCBuildConfiguration section */

/* Begin XCConfigurationList section */
		5C22B0E51C077E2B006C34E9 /* Build configuration list for PBXProject "imageFilter" */ = {
			isa = XCConfigurationList;
			buildConfigurations = (
				5C22B0FA1C077E2B006C34E9 /* Debug */,
				5C22B0FB1C077E2B006C34E9 /* Release */,
			);
			defaultConfigurationIsVisible = 0;
			defaultConfigurationName = Release;
		};
		5C22B0FC1C077E2B006C34E9 /* Build configuration list for PBXNativeTarget "imageFilter" */ = {
			isa = XCConfigurationList;
			buildConfigurations = (
				5C22B0FD1C077E2B006C34E9 /* Debug */,
				5C22B0FE1C077E2B006C34E9 /* Release */,
			);
			defaultConfigurationIsVisible = 0;
			defaultConfigurationName = Release;
		};
/* End XCConfigurationList section */
	};
	rootObject = 5C22B0E21C077E2B006C34E9 /* Project object */;
}
